
Microsoft Visual Studio Solution File, Format Version 12.00
# Visual Studio 14
VisualStudioVersion = 14.0.25420.1
MinimumVisualStudioVersion = 10.0.40219.1
Project("{FAE04EC0-301F-11D3-BF4B-00C04F79EFBC}") = "RyChart", "RyChart\RyChart.csproj", "{294F8702-4813-4F2E-8916-82B5E22EDA25}"
EndProject
Project("{FAE04EC0-301F-11D3-BF4B-00C04F79EFBC}") = "WpfApplication1", "WpfApplication1\WpfApplication1.csproj", "{7D2E5818-8C5B-4DC3-9EA8-DA3D314ACE7A}"
EndProject
Project("{FAE04EC0-301F-11D3-BF4B-00C04F79EFBC}") = "WindowsFormsApplication1", "WindowsFormsApplication1\WindowsFormsApplication1.csproj", "{7EF33A8A-007F-4CC0-A544-25FF7287F51F}"
EndProject
Global
	GlobalSection(SolutionConfigurationPlatforms) = preSolution
		Debug|Any CPU = Debug|Any CPU
		Release|Any CPU = Release|Any CPU
	EndGlobalSection
	GlobalSection(ProjectConfigurationPlatforms) = postSolution
		{294F8702-4813-4F2E-8916-82B5E22EDA25}.Debug|Any CPU.ActiveCfg = Debug|Any CPU
		{294F8702-4813-4F2E-8916-82B5E22EDA25}.Debug|Any CPU.Build.0 = Debug|Any CPU
		{294F8702-4813-4F2E-8916-82B5E22EDA25}.Release|Any CPU.ActiveCfg = Release|Any CPU
		{294F8702-4813-4F2E-8916-82B5E22EDA25}.Release|Any CPU.Build.0 = Release|Any CPU
		{7D2E5818-8C5B-4DC3-9EA8-DA3D314ACE7A}.Debug|Any CPU.ActiveCfg = Debug|Any CPU
		{7D2E5818-8C5B-4DC3-9EA8-DA3D314ACE7A}.Debug|Any CPU.Build.0 = Debug|Any CPU
		{7D2E5818-8C5B-4DC3-9EA8-DA3D314ACE7A}.Release|Any CPU.ActiveCfg = Release|Any CPU
		{7D2E5818-8C5B-4DC3-9EA8-DA3D314ACE7A}.Release|Any CPU.Build.0 = Release|Any CPU
		{7EF33A8A-007F-4CC0-A544-25FF7287F51F}.Debug|Any CPU.ActiveCfg = Debug|Any CPU
		{7EF33A8A-007F-4CC0-A544-25FF7287F51F}.Debug|Any CPU.Build.0 = Debug|Any CPU
		{7EF33A8A-007F-4CC0-A544-25FF7287F51F}.Release|Any CPU.ActiveCfg = Release|Any CPU
		{7EF33A8A-007F-4CC0-A544-25FF7287F51F}.Release|Any CPU.Build.0 = Release|Any CPU
	EndGlobalSection
	GlobalSection(SolutionProperties) = preSolution
		HideSolutionNode = FALSE
	EndGlobalSection
EndGlobal
